{
  "requires": true,
  "lockfileVersion": 1,
  "dependencies": {
    "@exante/big-decimal": {
      "version": "1.0.3",
      "resolved": "https://registry.npmjs.org/@exante/big-decimal/-/big-decimal-1.0.3.tgz",
      "integrity": "sha512-hurZWrKraEunuME8dujri4uNnRI3BW9jMIi3yTVCi6CU5IlMGf+dTCZAxQPjP2pLyJkM7aRFYOWCZyD/ykLLhQ=="
    },
    "node-serialize": {
      "version": "0.0.4",
      "resolved": "https://registry.npmjs.org/node-serialize/-/node-serialize-0.0.4.tgz",
      "integrity": "sha1-tzpJ4TUzBmVxA6Xkn38FJ5upf38="
    }
  }
}
