{
  "name": "nodejs-cli-apps",
  "version": "1.0.0",
  "lockfileVersion": 2,
  "requires": true,
  "packages": {
    "": {
      "name": "nodejs-cli-apps",
      "version": "1.0.0",
      "license": "ISC",
      "dependencies": {
        "esprima": "^4.0.1",
        "esprima-walk": "^0.1.0"
      }
    },
    "node_modules/esprima": {
      "version": "4.0.1",
      "resolved": "https://registry.npmjs.org/esprima/-/esprima-4.0.1.tgz",
      "integrity": "sha512-eGuFFw7Upda+g4p+QHvnW0RyTX/SVeJBDM/gCtMARO0cLuT2HcEKnTPvhjV6aGeqrCB/sbNop0Kszm0jsaWU4A==",
      "bin": {
        "esparse": "bin/esparse.js",
        "esvalidate": "bin/esvalidate.js"
      },
      "engines": {
        "node": ">=4"
      }
    },
    "node_modules/esprima-walk": {
      "version": "0.1.0",
      "resolved": "https://registry.npmjs.org/esprima-walk/-/esprima-walk-0.1.0.tgz",
      "integrity": "sha1-lTqrI9W5YoIs9B3YLliHkzS6hvo="
    }
  },
  "dependencies": {
    "esprima": {
      "version": "4.0.1",
      "resolved": "https://registry.npmjs.org/esprima/-/esprima-4.0.1.tgz",
      "integrity": "sha512-eGuFFw7Upda+g4p+QHvnW0RyTX/SVeJBDM/gCtMARO0cLuT2HcEKnTPvhjV6aGeqrCB/sbNop0Kszm0jsaWU4A=="
    },
    "esprima-walk": {
      "version": "0.1.0",
      "resolved": "https://registry.npmjs.org/esprima-walk/-/esprima-walk-0.1.0.tgz",
      "integrity": "sha1-lTqrI9W5YoIs9B3YLliHkzS6hvo="
    }
  }
}
